
Microsoft Visual Studio Solution File, Format Version 12.00
# Visual Studio Version 16
VisualStudioVersion = 16.0.33130.400
MinimumVisualStudioVersion = 10.0.40219.1
Project("{FAE04EC0-301F-11D3-BF4B-00C04F79EFBC}") = "FramePFX", "FramePFX\FramePFX.csproj", "{07F59C6F-AF2C-42CC-87B1-6CB256A976EB}"
EndProject
Project("{FAE04EC0-301F-11D3-BF4B-00C04F79EFBC}") = "FramePFX.Core", "FramePFX.Core\FramePFX.Core.csproj", "{0FA0334E-B33D-4BA5-9699-455A52B6E175}"
EndProject
Global
	GlobalSection(SolutionConfigurationPlatforms) = preSolution
		Debug|Any CPU = Debug|Any CPU
		Release|Any CPU = Release|Any CPU
	EndGlobalSection
	GlobalSection(ProjectConfigurationPlatforms) = postSolution
		{07F59C6F-AF2C-42CC-87B1-6CB256A976EB}.Debug|Any CPU.ActiveCfg = Debug|Any CPU
		{07F59C6F-AF2C-42CC-87B1-6CB256A976EB}.Debug|Any CPU.Build.0 = Debug|Any CPU
		{07F59C6F-AF2C-42CC-87B1-6CB256A976EB}.Release|Any CPU.ActiveCfg = Release|Any CPU
		{07F59C6F-AF2C-42CC-87B1-6CB256A976EB}.Release|Any CPU.Build.0 = Release|Any CPU
		{0FA0334E-B33D-4BA5-9699-455A52B6E175}.Debug|Any CPU.ActiveCfg = Debug|Any CPU
		{0FA0334E-B33D-4BA5-9699-455A52B6E175}.Debug|Any CPU.Build.0 = Debug|Any CPU
		{0FA0334E-B33D-4BA5-9699-455A52B6E175}.Release|Any CPU.ActiveCfg = Release|Any CPU
		{0FA0334E-B33D-4BA5-9699-455A52B6E175}.Release|Any CPU.Build.0 = Release|Any CPU
	EndGlobalSection
	GlobalSection(SolutionProperties) = preSolution
		HideSolutionNode = FALSE
	EndGlobalSection
	GlobalSection(ExtensibilityGlobals) = postSolution
		SolutionGuid = {AAB9BB0E-2ADF-4AD1-850C-EE500E4E4AB7}
	EndGlobalSection
EndGlobal
