Microsoft Visual Studio Solution File, Format Version 12.00
# Visual Studio Version 17
VisualStudioVersion = 17.7.34018.315
MinimumVisualStudioVersion = 10.0.40219.1
Project("{2150E333-8FDC-42A3-9474-1A3956D46DE8}") = "docs", "docs", "{070E3833-D196-47D1-9509-E1F89C25EB33}"
	ProjectSection(SolutionItems) = preProject
		docs\Automation.md = docs\Automation.md
		docs\Command System and Shortcuts.md = docs\Command System and Shortcuts.md
		docs\Plugins.md = docs\Plugins.md
		docs\Rendering.md = docs\Rendering.md
		docs\Projects and Codebase.md = docs\Projects and Codebase.md
		docs\Shortcuts.md = docs\Shortcuts.md
	EndProjectSection
EndProject
Project("{FAE04EC0-301F-11D3-BF4B-00C04F79EFBC}") = "FramePFX.Avalonia", "FramePFX.Avalonia\FramePFX.Avalonia.csproj", "{4E393A8A-C015-4CA2-9CB8-67BC68826170}"
	ProjectSection(ProjectDependencies) = postProject
		{78D88225-65C7-466D-9B83-1DBC1E97EE1D} = {78D88225-65C7-466D-9B83-1DBC1E97EE1D}
		{2FC5EC2B-0C71-4796-872D-3EE6BC824D4C} = {2FC5EC2B-0C71-4796-872D-3EE6BC824D4C}
	EndProjectSection
EndProject
Project("{FAE04EC0-301F-11D3-BF4B-00C04F79EFBC}") = "FramePFX", "FramePFX\FramePFX.csproj", "{0E6A4826-79F9-4E81-898D-F66B3EA0C319}"
	ProjectSection(ProjectDependencies) = postProject
		{78D88225-65C7-466D-9B83-1DBC1E97EE1D} = {78D88225-65C7-466D-9B83-1DBC1E97EE1D}
	EndProjectSection
EndProject
Project("{FAE04EC0-301F-11D3-BF4B-00C04F79EFBC}") = "FramePFX.BaseFrontEnd", "FramePFX.BaseFrontEnd\FramePFX.BaseFrontEnd.csproj", "{98D14D78-DA41-4CE3-9274-0C27823FC6EE}"
EndProject
Project("{2150E333-8FDC-42A3-9474-1A3956D46DE8}") = "CorePlugins", "CorePlugins", "{1D2D23D9-F6DB-4740-A50A-B94CB12EE577}"
EndProject
Project("{2150E333-8FDC-42A3-9474-1A3956D46DE8}") = "UIToolKit", "UIToolKit", "{FE37A680-1CC9-4722-8476-0FFD255995C0}"
EndProject
Project("{FAE04EC0-301F-11D3-BF4B-00C04F79EFBC}") = "PFXToolKitUI", "PFXToolKitUI\PFXToolKitUI\PFXToolKitUI.csproj", "{07C818A9-E5E2-4A33-9474-2E32FEF1AF9D}"
EndProject
Project("{FAE04EC0-301F-11D3-BF4B-00C04F79EFBC}") = "PFXToolKitUI.Avalonia", "PFXToolKitUI\PFXToolKitUI.Avalonia\PFXToolKitUI.Avalonia.csproj", "{994AACF5-96F4-42B3-808E-F195BF11BBFC}"
EndProject
Project("{FAE04EC0-301F-11D3-BF4B-00C04F79EFBC}") = "ILMath", "PFXToolKitUI\ILMath\ILMath\ILMath.csproj", "{48D76F2A-A56D-4081-A496-9EE480017062}"
EndProject
Project("{FAE04EC0-301F-11D3-BF4B-00C04F79EFBC}") = "FramePFX.NAudio", "FramePFX.NAudio\FramePFX.NAudio.csproj", "{AF744FA7-988B-4CD8-B65A-2E336A4E7BA3}"
EndProject
Project("{FAE04EC0-301F-11D3-BF4B-00C04F79EFBC}") = "FramePFX.FFmpeg", "FramePFX.FFmpeg\FramePFX.FFmpeg.csproj", "{0093A234-5F8D-41C6-9E22-729B250BBC60}"
EndProject
Global
	GlobalSection(SolutionConfigurationPlatforms) = preSolution
		Debug|x64 = Debug|x64
		Release|x64 = Release|x64
	EndGlobalSection
	GlobalSection(ProjectConfigurationPlatforms) = postSolution
		{4E393A8A-C015-4CA2-9CB8-67BC68826170}.Debug|x64.ActiveCfg = Debug|x64
		{4E393A8A-C015-4CA2-9CB8-67BC68826170}.Debug|x64.Build.0 = Debug|x64
		{4E393A8A-C015-4CA2-9CB8-67BC68826170}.Release|x64.ActiveCfg = Release|x64
		{4E393A8A-C015-4CA2-9CB8-67BC68826170}.Release|x64.Build.0 = Release|x64
		{0E6A4826-79F9-4E81-898D-F66B3EA0C319}.Debug|x64.ActiveCfg = Debug|x64
		{0E6A4826-79F9-4E81-898D-F66B3EA0C319}.Debug|x64.Build.0 = Debug|x64
		{0E6A4826-79F9-4E81-898D-F66B3EA0C319}.Release|x64.ActiveCfg = Release|x64
		{0E6A4826-79F9-4E81-898D-F66B3EA0C319}.Release|x64.Build.0 = Release|x64
		{98D14D78-DA41-4CE3-9274-0C27823FC6EE}.Debug|x64.ActiveCfg = Debug|x64
		{98D14D78-DA41-4CE3-9274-0C27823FC6EE}.Debug|x64.Build.0 = Debug|x64
		{98D14D78-DA41-4CE3-9274-0C27823FC6EE}.Release|x64.ActiveCfg = Release|x64
		{98D14D78-DA41-4CE3-9274-0C27823FC6EE}.Release|x64.Build.0 = Release|x64
		{07C818A9-E5E2-4A33-9474-2E32FEF1AF9D}.Debug|x64.ActiveCfg = Debug|Any CPU
		{07C818A9-E5E2-4A33-9474-2E32FEF1AF9D}.Debug|x64.Build.0 = Debug|Any CPU
		{07C818A9-E5E2-4A33-9474-2E32FEF1AF9D}.Release|x64.ActiveCfg = Release|Any CPU
		{07C818A9-E5E2-4A33-9474-2E32FEF1AF9D}.Release|x64.Build.0 = Release|Any CPU
		{994AACF5-96F4-42B3-808E-F195BF11BBFC}.Debug|x64.ActiveCfg = Debug|Any CPU
		{994AACF5-96F4-42B3-808E-F195BF11BBFC}.Debug|x64.Build.0 = Debug|Any CPU
		{994AACF5-96F4-42B3-808E-F195BF11BBFC}.Release|x64.ActiveCfg = Release|Any CPU
		{994AACF5-96F4-42B3-808E-F195BF11BBFC}.Release|x64.Build.0 = Release|Any CPU
		{48D76F2A-A56D-4081-A496-9EE480017062}.Debug|x64.ActiveCfg = Debug|Any CPU
		{48D76F2A-A56D-4081-A496-9EE480017062}.Debug|x64.Build.0 = Debug|Any CPU
		{48D76F2A-A56D-4081-A496-9EE480017062}.Release|x64.ActiveCfg = Release|Any CPU
		{48D76F2A-A56D-4081-A496-9EE480017062}.Release|x64.Build.0 = Release|Any CPU
		{AF744FA7-988B-4CD8-B65A-2E336A4E7BA3}.Debug|x64.ActiveCfg = Debug|Any CPU
		{AF744FA7-988B-4CD8-B65A-2E336A4E7BA3}.Debug|x64.Build.0 = Debug|Any CPU
		{AF744FA7-988B-4CD8-B65A-2E336A4E7BA3}.Release|x64.ActiveCfg = Release|Any CPU
		{AF744FA7-988B-4CD8-B65A-2E336A4E7BA3}.Release|x64.Build.0 = Release|Any CPU
		{0093A234-5F8D-41C6-9E22-729B250BBC60}.Debug|x64.ActiveCfg = Debug|Any CPU
		{0093A234-5F8D-41C6-9E22-729B250BBC60}.Debug|x64.Build.0 = Debug|Any CPU
		{0093A234-5F8D-41C6-9E22-729B250BBC60}.Release|x64.ActiveCfg = Release|Any CPU
		{0093A234-5F8D-41C6-9E22-729B250BBC60}.Release|x64.Build.0 = Release|Any CPU
	EndGlobalSection
	GlobalSection(SolutionProperties) = preSolution
		HideSolutionNode = FALSE
	EndGlobalSection
	GlobalSection(NestedProjects) = preSolution
		{07C818A9-E5E2-4A33-9474-2E32FEF1AF9D} = {FE37A680-1CC9-4722-8476-0FFD255995C0}
		{994AACF5-96F4-42B3-808E-F195BF11BBFC} = {FE37A680-1CC9-4722-8476-0FFD255995C0}
		{48D76F2A-A56D-4081-A496-9EE480017062} = {FE37A680-1CC9-4722-8476-0FFD255995C0}
	EndGlobalSection
	GlobalSection(ExtensibilityGlobals) = postSolution
		SolutionGuid = {AAB9BB0E-2ADF-4AD1-850C-EE500E4E4AB7}
	EndGlobalSection
EndGlobal
